
Microsoft Visual Studio Solution File, Format Version 12.00
# Visual Studio Version 17
VisualStudioVersion = 17.1.32421.90
MinimumVisualStudioVersion = 10.0.40219.1
Project("{9A19103F-16F7-4668-BE54-9A1E7A4F7556}") = "Calc_v2", "Calc_v2\Calc_v2.csproj", "{13367920-0542-4A2E-9EE3-394CACE335DB}"
EndProject
Project("{FAE04EC0-301F-11D3-BF4B-00C04F79EFBC}") = "Calc_v2.Tests", "Calc_v2.Tests\Calc_v2.Tests.csproj", "{F773458F-87A4-4EDC-A8A4-97CE32C38C9C}"
EndProject
Global
	GlobalSection(SolutionConfigurationPlatforms) = preSolution
		Debug|Any CPU = Debug|Any CPU
		Release|Any CPU = Release|Any CPU
	EndGlobalSection
	GlobalSection(ProjectConfigurationPlatforms) = postSolution
		{13367920-0542-4A2E-9EE3-394CACE335DB}.Debug|Any CPU.ActiveCfg = Debug|Any CPU
		{13367920-0542-4A2E-9EE3-394CACE335DB}.Debug|Any CPU.Build.0 = Debug|Any CPU
		{13367920-0542-4A2E-9EE3-394CACE335DB}.Release|Any CPU.ActiveCfg = Release|Any CPU
		{13367920-0542-4A2E-9EE3-394CACE335DB}.Release|Any CPU.Build.0 = Release|Any CPU
		{F773458F-87A4-4EDC-A8A4-97CE32C38C9C}.Debug|Any CPU.ActiveCfg = Debug|Any CPU
		{F773458F-87A4-4EDC-A8A4-97CE32C38C9C}.Debug|Any CPU.Build.0 = Debug|Any CPU
		{F773458F-87A4-4EDC-A8A4-97CE32C38C9C}.Release|Any CPU.ActiveCfg = Release|Any CPU
		{F773458F-87A4-4EDC-A8A4-97CE32C38C9C}.Release|Any CPU.Build.0 = Release|Any CPU
	EndGlobalSection
	GlobalSection(SolutionProperties) = preSolution
		HideSolutionNode = FALSE
	EndGlobalSection
	GlobalSection(ExtensibilityGlobals) = postSolution
		SolutionGuid = {8EC762B8-862B-4AD6-836D-9C9164C7D5F7}
	EndGlobalSection
EndGlobal
